
Microsoft Visual Studio Solution File, Format Version 12.00
# Visual Studio Version 17
VisualStudioVersion = 17.1.32104.313
MinimumVisualStudioVersion = 10.0.40219.1
Project("{9A19103F-16F7-4668-BE54-9A1E7A4F7556}") = "Slpk.Server", "Slpk.Server\Slpk.Server.csproj", "{5D69C652-2EDB-44BF-9E2B-2F16CA14A0D9}"
EndProject
Project("{9A19103F-16F7-4668-BE54-9A1E7A4F7556}") = "Slpk.Server.Test", "Slpk.Server.Test\Slpk.Server.Test.csproj", "{B41F7E9C-8DE5-4956-B8B5-AB584D783C08}"
EndProject
Project("{2150E333-8FDC-42A3-9474-1A3956D46DE8}") = "Solution Items", "Solution Items", "{453A2897-1E43-4469-B09D-EE58CD2E2287}"
	ProjectSection(SolutionItems) = preProject
		README.md = README.md
	EndProjectSection
EndProject
Global
	GlobalSection(SolutionConfigurationPlatforms) = preSolution
		Debug|Any CPU = Debug|Any CPU
		Release|Any CPU = Release|Any CPU
	EndGlobalSection
	GlobalSection(ProjectConfigurationPlatforms) = postSolution
		{5D69C652-2EDB-44BF-9E2B-2F16CA14A0D9}.Debug|Any CPU.ActiveCfg = Debug|Any CPU
		{5D69C652-2EDB-44BF-9E2B-2F16CA14A0D9}.Debug|Any CPU.Build.0 = Debug|Any CPU
		{5D69C652-2EDB-44BF-9E2B-2F16CA14A0D9}.Release|Any CPU.ActiveCfg = Release|Any CPU
		{5D69C652-2EDB-44BF-9E2B-2F16CA14A0D9}.Release|Any CPU.Build.0 = Release|Any CPU
		{B41F7E9C-8DE5-4956-B8B5-AB584D783C08}.Debug|Any CPU.ActiveCfg = Debug|Any CPU
		{B41F7E9C-8DE5-4956-B8B5-AB584D783C08}.Debug|Any CPU.Build.0 = Debug|Any CPU
		{B41F7E9C-8DE5-4956-B8B5-AB584D783C08}.Release|Any CPU.ActiveCfg = Release|Any CPU
		{B41F7E9C-8DE5-4956-B8B5-AB584D783C08}.Release|Any CPU.Build.0 = Release|Any CPU
	EndGlobalSection
	GlobalSection(SolutionProperties) = preSolution
		HideSolutionNode = FALSE
	EndGlobalSection
	GlobalSection(ExtensibilityGlobals) = postSolution
		SolutionGuid = {00900801-F2AC-410C-9F85-9E97B5AE4DA7}
	EndGlobalSection
EndGlobal
